
Microsoft Visual Studio Solution File, Format Version 12.00
# Visual Studio Express 2013 for Windows Desktop
VisualStudioVersion = 12.0.40629.0
MinimumVisualStudioVersion = 10.0.40219.1
Project("{8BC9CEB8-8B4A-11D0-8D11-00A0C91BC942}") = "CrossGuid-Test", "CrossGuid-Test.vcxproj", "{C8233271-F319-4531-AEF6-3BD6420B55CD}"
	ProjectSection(ProjectDependencies) = postProject
		{AF365E5F-E35D-40A6-958A-C7B6988C994D} = {AF365E5F-E35D-40A6-958A-C7B6988C994D}
	EndProjectSection
EndProject
Project("{8BC9CEB8-8B4A-11D0-8D11-00A0C91BC942}") = "CrossGuid", "CrossGuid.vcxproj", "{AF365E5F-E35D-40A6-958A-C7B6988C994D}"
EndProject
Global
	GlobalSection(SolutionConfigurationPlatforms) = preSolution
		Debug|Win32 = Debug|Win32
		Release|Win32 = Release|Win32
	EndGlobalSection
	GlobalSection(ProjectConfigurationPlatforms) = postSolution
		{C8233271-F319-4531-AEF6-3BD6420B55CD}.Debug|Win32.ActiveCfg = Debug|Win32
		{C8233271-F319-4531-AEF6-3BD6420B55CD}.Debug|Win32.Build.0 = Debug|Win32
		{C8233271-F319-4531-AEF6-3BD6420B55CD}.Release|Win32.ActiveCfg = Release|Win32
		{C8233271-F319-4531-AEF6-3BD6420B55CD}.Release|Win32.Build.0 = Release|Win32
		{AF365E5F-E35D-40A6-958A-C7B6988C994D}.Debug|Win32.ActiveCfg = Debug|Win32
		{AF365E5F-E35D-40A6-958A-C7B6988C994D}.Debug|Win32.Build.0 = Debug|Win32
		{AF365E5F-E35D-40A6-958A-C7B6988C994D}.Release|Win32.ActiveCfg = Release|Win32
		{AF365E5F-E35D-40A6-958A-C7B6988C994D}.Release|Win32.Build.0 = Release|Win32
	EndGlobalSection
	GlobalSection(SolutionProperties) = preSolution
		HideSolutionNode = FALSE
	EndGlobalSection
EndGlobal
